
Microsoft Visual Studio Solution File, Format Version 12.00
# Visual Studio Version 16
VisualStudioVersion = 16.0.31729.503
MinimumVisualStudioVersion = 10.0.40219.1
Project("{FAE04EC0-301F-11D3-BF4B-00C04F79EFBC}") = "HackathonProje1", "HackathonProje1\HackathonProje1.csproj", "{E9EC2A09-5265-42BF-8D1D-76EE68043EC4}"
EndProject
Global
	GlobalSection(SolutionConfigurationPlatforms) = preSolution
		Debug|Any CPU = Debug|Any CPU
		Release|Any CPU = Release|Any CPU
	EndGlobalSection
	GlobalSection(ProjectConfigurationPlatforms) = postSolution
		{E9EC2A09-5265-42BF-8D1D-76EE68043EC4}.Debug|Any CPU.ActiveCfg = Debug|Any CPU
		{E9EC2A09-5265-42BF-8D1D-76EE68043EC4}.Debug|Any CPU.Build.0 = Debug|Any CPU
		{E9EC2A09-5265-42BF-8D1D-76EE68043EC4}.Release|Any CPU.ActiveCfg = Release|Any CPU
		{E9EC2A09-5265-42BF-8D1D-76EE68043EC4}.Release|Any CPU.Build.0 = Release|Any CPU
	EndGlobalSection
	GlobalSection(SolutionProperties) = preSolution
		HideSolutionNode = FALSE
	EndGlobalSection
	GlobalSection(ExtensibilityGlobals) = postSolution
		SolutionGuid = {135DBB3B-3A84-4B4F-A44F-6E25EDDC6F3C}
	EndGlobalSection
EndGlobal
